// !$*UTF8*$!
{
	archiveVersion = 1;
	classes = {
	};
	objectVersion = 77;
	objects = {

/* Begin PBXBuildFile section */
		6E4F91822E1706E100E24587 /* FirebaseAuth in Frameworks */ = {isa = PBXBuildFile; productRef = 6E4F91812E1706E100E24587 /* FirebaseAuth */; };
		6E4F91842E1706E100E24587 /* FirebaseCore in Frameworks */ = {isa = PBXBuildFile; productRef = 6E4F91832E1706E100E24587 /* FirebaseCore */; };
		6E4F91862E1706E100E24587 /* FirebaseDatabase in Frameworks */ = {isa = PBXBuildFile; productRef = 6E4F91852E1706E100E24587 /* FirebaseDatabase */; };
		6E4F91882E1706E100E24587 /* FirebaseFirestore in Frameworks */ = {isa = PBXBuildFile; productRef = 6E4F91872E1706E100E24587 /* FirebaseFirestore */; };
		6E4F918A2E1706E100E24587 /* FirebaseMessaging in Frameworks */ = {isa = PBXBuildFile; productRef = 6E4F91892E1706E100E24587 /* FirebaseMessaging */; };
		6E4F918C2E1706E100E24587 /* FirebaseStorage in Frameworks */ = {isa = PBXBuildFile; productRef = 6E4F918B2E1706E100E24587 /* FirebaseStorage */; };
/* End PBXBuildFile section */

/* Begin PBXContainerItemProxy section */
		6E4F91612E1700F100E24587 /* PBXContainerItemProxy */ = {
			isa = PBXContainerItemProxy;
			containerPortal = 6E4F91482E1700EE00E24587 /* Project object */;
			proxyType = 1;
			remoteGlobalIDString = 6E4F914F2E1700EE00E24587;
			remoteInfo = basicinstagramapp;
		};
		6E4F916B2E1700F100E24587 /* PBXContainerItemProxy */ = {
			isa = PBXContainerItemProxy;
			containerPortal = 6E4F91482E1700EE00E24587 /* Project object */;
			proxyType = 1;
			remoteGlobalIDString = 6E4F914F2E1700EE00E24587;
			remoteInfo = basicinstagramapp;
		};
/* End PBXContainerItemProxy section */

/* Begin PBXFileReference section */
		6E4F91502E1700EE00E24587 /* basicinstagramapp.app */ = {isa = PBXFileReference; explicitFileType = wrapper.application; includeInIndex = 0; path = basicinstagramapp.app; sourceTree = BUILT_PRODUCTS_DIR; };
		6E4F91602E1700F100E24587 /* basicinstagramappTests.xctest */ = {isa = PBXFileReference; explicitFileType = wrapper.cfbundle; includeInIndex = 0; path = basicinstagramappTests.xctest; sourceTree = BUILT_PRODUCTS_DIR; };
		6E4F916A2E1700F100E24587 /* basicinstagramappUITests.xctest */ = {isa = PBXFileReference; explicitFileType = wrapper.cfbundle; includeInIndex = 0; path = basicinstagramappUITests.xctest; sourceTree = BUILT_PRODUCTS_DIR; };
/* End PBXFileReference section */

/* Begin PBXFileSystemSynchronizedBuildFileExceptionSet section */
		6E4F91B32E17452500E24587 /* Exceptions for "basicinstagramapp" folder in "basicinstagramapp" target */ = {
			isa = PBXFileSystemSynchronizedBuildFileExceptionSet;
			membershipExceptions = (
				Info.plist,
			);
			target = 6E4F914F2E1700EE00E24587 /* basicinstagramapp */;
		};
/* End PBXFileSystemSynchronizedBuildFileExceptionSet section */

/* Begin PBXFileSystemSynchronizedRootGroup section */
		6E4F91522E1700EE00E24587 /* basicinstagramapp */ = {
			isa = PBXFileSystemSynchronizedRootGroup;
			exceptions = (
				6E4F91B32E17452500E24587 /* Exceptions for "basicinstagramapp" folder in "basicinstagramapp" target */,
			);
			path = basicinstagramapp;
			sourceTree = "<group>";
		};
		6E4F91632E1700F100E24587 /* basicinstagramappTests */ = {
			isa = PBXFileSystemSynchronizedRootGroup;
			path = basicinstagramappTests;
			sourceTree = "<group>";
		};
		6E4F916D2E1700F100E24587 /* basicinstagramappUITests */ = {
			isa = PBXFileSystemSynchronizedRootGroup;
			path = basicinstagramappUITests;
			sourceTree = "<group>";
		};
/* End PBXFileSystemSynchronizedRootGroup section */

/* Begin PBXFrameworksBuildPhase section */
		6E4F914D2E1700EE00E24587 /* Frameworks */ = {
			isa = PBXFrameworksBuildPhase;
			buildActionMask = 2147483647;
			files = (
				6E4F91862E1706E100E24587 /* FirebaseDatabase in Frameworks */,
				6E4F91882E1706E100E24587 /* FirebaseFirestore in Frameworks */,
				6E4F918A2E1706E100E24587 /* FirebaseMessaging in Frameworks */,
				6E4F91842E1706E100E24587 /* FirebaseCore in Frameworks */,
				6E4F91822E1706E100E24587 /* FirebaseAuth in Frameworks */,
				6E4F918C2E1706E100E24587 /* FirebaseStorage in Frameworks */,
			);
			runOnlyForDeploymentPostprocessing = 0;
		};
		6E4F915D2E1700F100E24587 /* Frameworks */ = {
			isa = PBXFrameworksBuildPhase;
			buildActionMask = 2147483647;
			files = (
			);
			runOnlyForDeploymentPostprocessing = 0;
		};
		6E4F91672E1700F100E24587 /* Frameworks */ = {
			isa = PBXFrameworksBuildPhase;
			buildActionMask = 2147483647;
			files = (
			);
			runOnlyForDeploymentPostprocessing = 0;
		};
/* End PBXFrameworksBuildPhase section */

/* Begin PBXGroup section */
		6E4F91472E1700EE00E24587 = {
			isa = PBXGroup;
			children = (
				6E4F91522E1700EE00E24587 /* basicinstagramapp */,
				6E4F91632E1700F100E24587 /* basicinstagramappTests */,
				6E4F916D2E1700F100E24587 /* basicinstagramappUITests */,
				6E4F91512E1700EE00E24587 /* Products */,
			);
			sourceTree = "<group>";
		};
		6E4F91512E1700EE00E24587 /* Products */ = {
			isa = PBXGroup;
			children = (
				6E4F91502E1700EE00E24587 /* basicinstagramapp.app */,
				6E4F91602E1700F100E24587 /* basicinstagramappTests.xctest */,
				6E4F916A2E1700F100E24587 /* basicinstagramappUITests.xctest */,
			);
			name = Products;
			sourceTree = "<group>";
		};
/* End PBXGroup section */

/* Begin PBXNativeTarget section */
		6E4F914F2E1700EE00E24587 /* basicinstagramapp */ = {
			isa = PBXNativeTarget;
			buildConfigurationList = 6E4F91742E1700F100E24587 /* Build configuration list for PBXNativeTarget "basicinstagramapp" */;
			buildPhases = (
				6E4F914C2E1700EE00E24587 /* Sources */,
				6E4F914D2E1700EE00E24587 /* Frameworks */,
				6E4F914E2E1700EE00E24587 /* Resources */,
			);
			buildRules = (
			);
			dependencies = (
			);
			fileSystemSynchronizedGroups = (
				6E4F91522E1700EE00E24587 /* basicinstagramapp */,
			);
			name = basicinstagramapp;
			packageProductDependencies = (
				6E4F91812E1706E100E24587 /* FirebaseAuth */,
				6E4F91832E1706E100E24587 /* FirebaseCore */,
				6E4F91852E1706E100E24587 /* FirebaseDatabase */,
				6E4F91872E1706E100E24587 /* FirebaseFirestore */,
				6E4F91892E1706E100E24587 /* FirebaseMessaging */,
				6E4F918B2E1706E100E24587 /* FirebaseStorage */,
			);
			productName = basicinstagramapp;
			productReference = 6E4F91502E1700EE00E24587 /* basicinstagramapp.app */;
			productType = "com.apple.product-type.application";
		};
		6E4F915F2E1700F100E24587 /* basicinstagramappTests */ = {
			isa = PBXNativeTarget;
			buildConfigurationList = 6E4F91772E1700F100E24587 /* Build configuration list for PBXNativeTarget "basicinstagramappTests" */;
			buildPhases = (
				6E4F915C2E1700F100E24587 /* Sources */,
				6E4F915D2E1700F100E24587 /* Frameworks */,
				6E4F915E2E1700F100E24587 /* Resources */,
			);
			buildRules = (
			);
			dependencies = (
				6E4F91622E1700F100E24587 /* PBXTargetDependency */,
			);
			fileSystemSynchronizedGroups = (
				6E4F91632E1700F100E24587 /* basicinstagramappTests */,
			);
			name = basicinstagramappTests;
			packageProductDependencies = (
			);
			productName = basicinstagramappTests;
			productReference = 6E4F91602E1700F100E24587 /* basicinstagramappTests.xctest */;
			productType = "com.apple.product-type.bundle.unit-test";
		};
		6E4F91692E1700F100E24587 /* basicinstagramappUITests */ = {
			isa = PBXNativeTarget;
			buildConfigurationList = 6E4F917A2E1700F100E24587 /* Build configuration list for PBXNativeTarget "basicinstagramappUITests" */;
			buildPhases = (
				6E4F91662E1700F100E24587 /* Sources */,
				6E4F91672E1700F100E24587 /* Frameworks */,
				6E4F91682E1700F100E24587 /* Resources */,
			);
			buildRules = (
			);
			dependencies = (
				6E4F916C2E1700F100E24587 /* PBXTargetDependency */,
			);
			fileSystemSynchronizedGroups = (
				6E4F916D2E1700F100E24587 /* basicinstagramappUITests */,
			);
			name = basicinstagramappUITests;
			packageProductDependencies = (
			);
			productName = basicinstagramappUITests;
			productReference = 6E4F916A2E1700F100E24587 /* basicinstagramappUITests.xctest */;
			productType = "com.apple.product-type.bundle.ui-testing";
		};
/* End PBXNativeTarget section */

/* Begin PBXProject section */
		6E4F91482E1700EE00E24587 /* Project object */ = {
			isa = PBXProject;
			attributes = {
				BuildIndependentTargetsInParallel = 1;
				LastSwiftUpdateCheck = 1620;
				LastUpgradeCheck = 1620;
				TargetAttributes = {
					6E4F914F2E1700EE00E24587 = {
						CreatedOnToolsVersion = 16.2;
					};
					6E4F915F2E1700F100E24587 = {
						CreatedOnToolsVersion = 16.2;
						TestTargetID = 6E4F914F2E1700EE00E24587;
					};
					6E4F91692E1700F100E24587 = {
						CreatedOnToolsVersion = 16.2;
						TestTargetID = 6E4F914F2E1700EE00E24587;
					};
				};
			};
			buildConfigurationList = 6E4F914B2E1700EE00E24587 /* Build configuration list for PBXProject "basicinstagramapp" */;
			developmentRegion = en;
			hasScannedForEncodings = 0;
			knownRegions = (
				en,
				Base,
			);
			mainGroup = 6E4F91472E1700EE00E24587;
			minimizedProjectReferenceProxies = 1;
			packageReferences = (
				6E4F917D2E17040100E24587 /* XCRemoteSwiftPackageReference "firebase-ios-sdk" */,
			);
			preferredProjectObjectVersion = 77;
			productRefGroup = 6E4F91512E1700EE00E24587 /* Products */;
			projectDirPath = "";
			projectRoot = "";
			targets = (
				6E4F914F2E1700EE00E24587 /* basicinstagramapp */,
				6E4F915F2E1700F100E24587 /* basicinstagramappTests */,
				6E4F91692E1700F100E24587 /* basicinstagramappUITests */,
			);
		};
/* End PBXProject section */

/* Begin PBXResourcesBuildPhase section */
		6E4F914E2E1700EE00E24587 /* Resources */ = {
			isa = PBXResourcesBuildPhase;
			buildActionMask = 2147483647;
			files = (
			);
			runOnlyForDeploymentPostprocessing = 0;
		};
		6E4F915E2E1700F100E24587 /* Resources */ = {
			isa = PBXResourcesBuildPhase;
			buildActionMask = 2147483647;
			files = (
			);
			runOnlyForDeploymentPostprocessing = 0;
		};
		6E4F91682E1700F100E24587 /* Resources */ = {
			isa = PBXResourcesBuildPhase;
			buildActionMask = 2147483647;
			files = (
			);
			runOnlyForDeploymentPostprocessing = 0;
		};
/* End PBXResourcesBuildPhase section */

/* Begin PBXSourcesBuildPhase section */
		6E4F914C2E1700EE00E24587 /* Sources */ = {
			isa = PBXSourcesBuildPhase;
			buildActionMask = 2147483647;
			files = (
			);
			runOnlyForDeploymentPostprocessing = 0;
		};
		6E4F915C2E1700F100E24587 /* Sources */ = {
			isa = PBXSourcesBuildPhase;
			buildActionMask = 2147483647;
			files = (
			);
			runOnlyForDeploymentPostprocessing = 0;
		};
		6E4F91662E1700F100E24587 /* Sources */ = {
			isa = PBXSourcesBuildPhase;
			buildActionMask = 2147483647;
			files = (
			);
			runOnlyForDeploymentPostprocessing = 0;
		};
/* End PBXSourcesBuildPhase section */

/* Begin PBXTargetDependency section */
		6E4F91622E1700F100E24587 /* PBXTargetDependency */ = {
			isa = PBXTargetDependency;
			target = 6E4F914F2E1700EE00E24587 /* basicinstagramapp */;
			targetProxy = 6E4F91612E1700F100E24587 /* PBXContainerItemProxy */;
		};
		6E4F916C2E1700F100E24587 /* PBXTargetDependency */ = {
			isa = PBXTargetDependency;
			target = 6E4F914F2E1700EE00E24587 /* basicinstagramapp */;
			targetProxy = 6E4F916B2E1700F100E24587 /* PBXContainerItemProxy */;
		};
/* End PBXTargetDependency section */

/* Begin XCBuildConfiguration section */
		6E4F91722E1700F100E24587 /* Debug */ = {
			isa = XCBuildConfiguration;
			buildSettings = {
				ALWAYS_SEARCH_USER_PATHS = NO;
				ASSETCATALOG_COMPILER_GENERATE_SWIFT_ASSET_SYMBOL_EXTENSIONS = YES;
				CLANG_ANALYZER_NONNULL = YES;
				CLANG_ANALYZER_NUMBER_OBJECT_CONVERSION = YES_AGGRESSIVE;
				CLANG_CXX_LANGUAGE_STANDARD = "gnu++20";
				CLANG_ENABLE_MODULES = YES;
				CLANG_ENABLE_OBJC_ARC = YES;
				CLANG_ENABLE_OBJC_WEAK = YES;
				CLANG_WARN_BLOCK_CAPTURE_AUTORELEASING = YES;
				CLANG_WARN_BOOL_CONVERSION = YES;
				CLANG_WARN_COMMA = YES;
				CLANG_WARN_CONSTANT_CONVERSION = YES;
				CLANG_WARN_DEPRECATED_OBJC_IMPLEMENTATIONS = YES;
				CLANG_WARN_DIRECT_OBJC_ISA_USAGE = YES_ERROR;
				CLANG_WARN_DOCUMENTATION_COMMENTS = YES;
				CLANG_WARN_EMPTY_BODY = YES;
				CLANG_WARN_ENUM_CONVERSION = YES;
				CLANG_WARN_INFINITE_RECURSION = YES;
				CLANG_WARN_INT_CONVERSION = YES;
				CLANG_WARN_NON_LITERAL_NULL_CONVERSION = YES;
				CLANG_WARN_OBJC_IMPLICIT_RETAIN_SELF = YES;
				CLANG_WARN_OBJC_LITERAL_CONVERSION = YES;
				CLANG_WARN_OBJC_ROOT_CLASS = YES_ERROR;
				CLANG_WARN_QUOTED_INCLUDE_IN_FRAMEWORK_HEADER = YES;
				CLANG_WARN_RANGE_LOOP_ANALYSIS = YES;
				CLANG_WARN_STRICT_PROTOTYPES = YES;
				CLANG_WARN_SUSPICIOUS_MOVE = YES;
				CLANG_WARN_UNGUARDED_AVAILABILITY = YES_AGGRESSIVE;
				CLANG_WARN_UNREACHABLE_CODE = YES;
				CLANG_WARN__DUPLICATE_METHOD_MATCH = YES;
				COPY_PHASE_STRIP = NO;
				DEBUG_INFORMATION_FORMAT = dwarf;
				ENABLE_STRICT_OBJC_MSGSEND = YES;
				ENABLE_TESTABILITY = YES;
				ENABLE_USER_SCRIPT_SANDBOXING = YES;
				GCC_C_LANGUAGE_STANDARD = gnu17;
				GCC_DYNAMIC_NO_PIC = NO;
				GCC_NO_COMMON_BLOCKS = YES;
				GCC_OPTIMIZATION_LEVEL = 0;
				GCC_PREPROCESSOR_DEFINITIONS = (
					"DEBUG=1",
					"$(inherited)",
				);
				GCC_WARN_64_TO_32_BIT_CONVERSION = YES;
				GCC_WARN_ABOUT_RETURN_TYPE = YES_ERROR;
				GCC_WARN_UNDECLARED_SELECTOR = YES;
				GCC_WARN_UNINITIALIZED_AUTOS = YES_AGGRESSIVE;
				GCC_WARN_UNUSED_FUNCTION = YES;
				GCC_WARN_UNUSED_VARIABLE = YES;
				IPHONEOS_DEPLOYMENT_TARGET = 18.2;
				LOCALIZATION_PREFERS_STRING_CATALOGS = YES;
				MTL_ENABLE_DEBUG_INFO = INCLUDE_SOURCE;
				MTL_FAST_MATH = YES;
				ONLY_ACTIVE_ARCH = YES;
				SDKROOT = iphoneos;
				SWIFT_ACTIVE_COMPILATION_CONDITIONS = "DEBUG $(inherited)";
				SWIFT_OPTIMIZATION_LEVEL = "-Onone";
			};
			name = Debug;
		};
		6E4F91732E1700F100E24587 /* Release */ = {
			isa = XCBuildConfiguration;
			buildSettings = {
				ALWAYS_SEARCH_USER_PATHS = NO;
				ASSETCATALOG_COMPILER_GENERATE_SWIFT_ASSET_SYMBOL_EXTENSIONS = YES;
				CLANG_ANALYZER_NONNULL = YES;
				CLANG_ANALYZER_NUMBER_OBJECT_CONVERSION = YES_AGGRESSIVE;
				CLANG_CXX_LANGUAGE_STANDARD = "gnu++20";
				CLANG_ENABLE_MODULES = YES;
				CLANG_ENABLE_OBJC_ARC = YES;
				CLANG_ENABLE_OBJC_WEAK = YES;
				CLANG_WARN_BLOCK_CAPTURE_AUTORELEASING = YES;
				CLANG_WARN_BOOL_CONVERSION = YES;
				CLANG_WARN_COMMA = YES;
				CLANG_WARN_CONSTANT_CONVERSION = YES;
				CLANG_WARN_DEPRECATED_OBJC_IMPLEMENTATIONS = YES;
				CLANG_WARN_DIRECT_OBJC_ISA_USAGE = YES_ERROR;
				CLANG_WARN_DOCUMENTATION_COMMENTS = YES;
				CLANG_WARN_EMPTY_BODY = YES;
				CLANG_WARN_ENUM_CONVERSION = YES;
				CLANG_WARN_INFINITE_RECURSION = YES;
				CLANG_WARN_INT_CONVERSION = YES;
				CLANG_WARN_NON_LITERAL_NULL_CONVERSION = YES;
				CLANG_WARN_OBJC_IMPLICIT_RETAIN_SELF = YES;
				CLANG_WARN_OBJC_LITERAL_CONVERSION = YES;
				CLANG_WARN_OBJC_ROOT_CLASS = YES_ERROR;
				CLANG_WARN_QUOTED_INCLUDE_IN_FRAMEWORK_HEADER = YES;
				CLANG_WARN_RANGE_LOOP_ANALYSIS = YES;
				CLANG_WARN_STRICT_PROTOTYPES = YES;
				CLANG_WARN_SUSPICIOUS_MOVE = YES;
				CLANG_WARN_UNGUARDED_AVAILABILITY = YES_AGGRESSIVE;
				CLANG_WARN_UNREACHABLE_CODE = YES;
				CLANG_WARN__DUPLICATE_METHOD_MATCH = YES;
				COPY_PHASE_STRIP = NO;
				DEBUG_INFORMATION_FORMAT = "dwarf-with-dsym";
				ENABLE_NS_ASSERTIONS = NO;
				ENABLE_STRICT_OBJC_MSGSEND = YES;
				ENABLE_USER_SCRIPT_SANDBOXING = YES;
				GCC_C_LANGUAGE_STANDARD = gnu17;
				GCC_NO_COMMON_BLOCKS = YES;
				GCC_WARN_64_TO_32_BIT_CONVERSION = YES;
				GCC_WARN_ABOUT_RETURN_TYPE = YES_ERROR;
				GCC_WARN_UNDECLARED_SELECTOR = YES;
				GCC_WARN_UNINITIALIZED_AUTOS = YES_AGGRESSIVE;
				GCC_WARN_UNUSED_FUNCTION = YES;
				GCC_WARN_UNUSED_VARIABLE = YES;
				IPHONEOS_DEPLOYMENT_TARGET = 18.2;
				LOCALIZATION_PREFERS_STRING_CATALOGS = YES;
				MTL_ENABLE_DEBUG_INFO = NO;
				MTL_FAST_MATH = YES;
				SDKROOT = iphoneos;
				SWIFT_COMPILATION_MODE = wholemodule;
				VALIDATE_PRODUCT = YES;
			};
			name = Release;
		};
		6E4F91752E1700F100E24587 /* Debug */ = {
			isa = XCBuildConfiguration;
			buildSettings = {
				ASSETCATALOG_COMPILER_APPICON_NAME = AppIcon;
				ASSETCATALOG_COMPILER_GLOBAL_ACCENT_COLOR_NAME = AccentColor;
				CODE_SIGN_STYLE = Automatic;
				CURRENT_PROJECT_VERSION = 1;
				DEVELOPMENT_ASSET_PATHS = "\"basicinstagramapp/Preview Content\"";
				ENABLE_PREVIEWS = YES;
				GENERATE_INFOPLIST_FILE = YES;
				INFOPLIST_FILE = basicinstagramapp/Info.plist;
				INFOPLIST_KEY_UIApplicationSceneManifest_Generation = YES;
				INFOPLIST_KEY_UIApplicationSupportsIndirectInputEvents = YES;
				INFOPLIST_KEY_UILaunchScreen_Generation = YES;
				INFOPLIST_KEY_UISupportedInterfaceOrientations_iPad = "UIInterfaceOrientationPortrait UIInterfaceOrientationPortraitUpsideDown UIInterfaceOrientationLandscapeLeft UIInterfaceOrientationLandscapeRight";
				INFOPLIST_KEY_UISupportedInterfaceOrientations_iPhone = "UIInterfaceOrientationPortrait UIInterfaceOrientationLandscapeLeft UIInterfaceOrientationLandscapeRight";
				LD_RUNPATH_SEARCH_PATHS = (
					"$(inherited)",
					"@executable_path/Frameworks",
				);
				MARKETING_VERSION = 1.0;
				PRODUCT_BUNDLE_IDENTIFIER = com.kenant42.basicinstagramapp;
				PRODUCT_NAME = "$(TARGET_NAME)";
				SWIFT_EMIT_LOC_STRINGS = YES;
				SWIFT_VERSION = 5.0;
				TARGETED_DEVICE_FAMILY = "1,2";
			};
			name = Debug;
		};
		6E4F91762E1700F100E24587 /* Release */ = {
			isa = XCBuildConfiguration;
			buildSettings = {
				ASSETCATALOG_COMPILER_APPICON_NAME = AppIcon;
				ASSETCATALOG_COMPILER_GLOBAL_ACCENT_COLOR_NAME = AccentColor;
				CODE_SIGN_STYLE = Automatic;
				CURRENT_PROJECT_VERSION = 1;
				DEVELOPMENT_ASSET_PATHS = "\"basicinstagramapp/Preview Content\"";
				ENABLE_PREVIEWS = YES;
				GENERATE_INFOPLIST_FILE = YES;
				INFOPLIST_FILE = basicinstagramapp/Info.plist;
				INFOPLIST_KEY_UIApplicationSceneManifest_Generation = YES;
				INFOPLIST_KEY_UIApplicationSupportsIndirectInputEvents = YES;
				INFOPLIST_KEY_UILaunchScreen_Generation = YES;
				INFOPLIST_KEY_UISupportedInterfaceOrientations_iPad = "UIInterfaceOrientationPortrait UIInterfaceOrientationPortraitUpsideDown UIInterfaceOrientationLandscapeLeft UIInterfaceOrientationLandscapeRight";
				INFOPLIST_KEY_UISupportedInterfaceOrientations_iPhone = "UIInterfaceOrientationPortrait UIInterfaceOrientationLandscapeLeft UIInterfaceOrientationLandscapeRight";
				LD_RUNPATH_SEARCH_PATHS = (
					"$(inherited)",
					"@executable_path/Frameworks",
				);
				MARKETING_VERSION = 1.0;
				PRODUCT_BUNDLE_IDENTIFIER = com.kenant42.basicinstagramapp;
				PRODUCT_NAME = "$(TARGET_NAME)";
				SWIFT_EMIT_LOC_STRINGS = YES;
				SWIFT_VERSION = 5.0;
				TARGETED_DEVICE_FAMILY = "1,2";
			};
			name = Release;
		};
		6E4F91782E1700F100E24587 /* Debug */ = {
			isa = XCBuildConfiguration;
			buildSettings = {
				BUNDLE_LOADER = "$(TEST_HOST)";
				CODE_SIGN_STYLE = Automatic;
				CURRENT_PROJECT_VERSION = 1;
				GENERATE_INFOPLIST_FILE = YES;
				IPHONEOS_DEPLOYMENT_TARGET = 18.2;
				MARKETING_VERSION = 1.0;
				PRODUCT_BUNDLE_IDENTIFIER = com.kenant42.basicinstagramappTests;
				PRODUCT_NAME = "$(TARGET_NAME)";
				SWIFT_EMIT_LOC_STRINGS = NO;
				SWIFT_VERSION = 5.0;
				TARGETED_DEVICE_FAMILY = "1,2";
				TEST_HOST = "$(BUILT_PRODUCTS_DIR)/basicinstagramapp.app/$(BUNDLE_EXECUTABLE_FOLDER_PATH)/basicinstagramapp";
			};
			name = Debug;
		};
		6E4F91792E1700F100E24587 /* Release */ = {
			isa = XCBuildConfiguration;
			buildSettings = {
				BUNDLE_LOADER = "$(TEST_HOST)";
				CODE_SIGN_STYLE = Automatic;
				CURRENT_PROJECT_VERSION = 1;
				GENERATE_INFOPLIST_FILE = YES;
				IPHONEOS_DEPLOYMENT_TARGET = 18.2;
				MARKETING_VERSION = 1.0;
				PRODUCT_BUNDLE_IDENTIFIER = com.kenant42.basicinstagramappTests;
				PRODUCT_NAME = "$(TARGET_NAME)";
				SWIFT_EMIT_LOC_STRINGS = NO;
				SWIFT_VERSION = 5.0;
				TARGETED_DEVICE_FAMILY = "1,2";
				TEST_HOST = "$(BUILT_PRODUCTS_DIR)/basicinstagramapp.app/$(BUNDLE_EXECUTABLE_FOLDER_PATH)/basicinstagramapp";
			};
			name = Release;
		};
		6E4F917B2E1700F100E24587 /* Debug */ = {
			isa = XCBuildConfiguration;
			buildSettings = {
				CODE_SIGN_STYLE = Automatic;
				CURRENT_PROJECT_VERSION = 1;
				GENERATE_INFOPLIST_FILE = YES;
				MARKETING_VERSION = 1.0;
				PRODUCT_BUNDLE_IDENTIFIER = com.kenant42.basicinstagramappUITests;
				PRODUCT_NAME = "$(TARGET_NAME)";
				SWIFT_EMIT_LOC_STRINGS = NO;
				SWIFT_VERSION = 5.0;
				TARGETED_DEVICE_FAMILY = "1,2";
				TEST_TARGET_NAME = basicinstagramapp;
			};
			name = Debug;
		};
		6E4F917C2E1700F100E24587 /* Release */ = {
			isa = XCBuildConfiguration;
			buildSettings = {
				CODE_SIGN_STYLE = Automatic;
				CURRENT_PROJECT_VERSION = 1;
				GENERATE_INFOPLIST_FILE = YES;
				MARKETING_VERSION = 1.0;
				PRODUCT_BUNDLE_IDENTIFIER = com.kenant42.basicinstagramappUITests;
				PRODUCT_NAME = "$(TARGET_NAME)";
				SWIFT_EMIT_LOC_STRINGS = NO;
				SWIFT_VERSION = 5.0;
				TARGETED_DEVICE_FAMILY = "1,2";
				TEST_TARGET_NAME = basicinstagramapp;
			};
			name = Release;
		};
/* End XCBuildConfiguration section */

/* Begin XCConfigurationList section */
		6E4F914B2E1700EE00E24587 /* Build configuration list for PBXProject "basicinstagramapp" */ = {
			isa = XCConfigurationList;
			buildConfigurations = (
				6E4F91722E1700F100E24587 /* Debug */,
				6E4F91732E1700F100E24587 /* Release */,
			);
			defaultConfigurationIsVisible = 0;
			defaultConfigurationName = Release;
		};
		6E4F91742E1700F100E24587 /* Build configuration list for PBXNativeTarget "basicinstagramapp" */ = {
			isa = XCConfigurationList;
			buildConfigurations = (
				6E4F91752E1700F100E24587 /* Debug */,
				6E4F91762E1700F100E24587 /* Release */,
			);
			defaultConfigurationIsVisible = 0;
			defaultConfigurationName = Release;
		};
		6E4F91772E1700F100E24587 /* Build configuration list for PBXNativeTarget "basicinstagramappTests" */ = {
			isa = XCConfigurationList;
			buildConfigurations = (
				6E4F91782E1700F100E24587 /* Debug */,
				6E4F91792E1700F100E24587 /* Release */,
			);
			defaultConfigurationIsVisible = 0;
			defaultConfigurationName = Release;
		};
		6E4F917A2E1700F100E24587 /* Build configuration list for PBXNativeTarget "basicinstagramappUITests" */ = {
			isa = XCConfigurationList;
			buildConfigurations = (
				6E4F917B2E1700F100E24587 /* Debug */,
				6E4F917C2E1700F100E24587 /* Release */,
			);
			defaultConfigurationIsVisible = 0;
			defaultConfigurationName = Release;
		};
/* End XCConfigurationList section */

/* Begin XCRemoteSwiftPackageReference section */
		6E4F917D2E17040100E24587 /* XCRemoteSwiftPackageReference "firebase-ios-sdk" */ = {
			isa = XCRemoteSwiftPackageReference;
			repositoryURL = "https://github.com/firebase/firebase-ios-sdk";
			requirement = {
				kind = upToNextMajorVersion;
				minimumVersion = 11.15.0;
			};
		};
/* End XCRemoteSwiftPackageReference section */

/* Begin XCSwiftPackageProductDependency section */
		6E4F91812E1706E100E24587 /* FirebaseAuth */ = {
			isa = XCSwiftPackageProductDependency;
			package = 6E4F917D2E17040100E24587 /* XCRemoteSwiftPackageReference "firebase-ios-sdk" */;
			productName = FirebaseAuth;
		};
		6E4F91832E1706E100E24587 /* FirebaseCore */ = {
			isa = XCSwiftPackageProductDependency;
			package = 6E4F917D2E17040100E24587 /* XCRemoteSwiftPackageReference "firebase-ios-sdk" */;
			productName = FirebaseCore;
		};
		6E4F91852E1706E100E24587 /* FirebaseDatabase */ = {
			isa = XCSwiftPackageProductDependency;
			package = 6E4F917D2E17040100E24587 /* XCRemoteSwiftPackageReference "firebase-ios-sdk" */;
			productName = FirebaseDatabase;
		};
		6E4F91872E1706E100E24587 /* FirebaseFirestore */ = {
			isa = XCSwiftPackageProductDependency;
			package = 6E4F917D2E17040100E24587 /* XCRemoteSwiftPackageReference "firebase-ios-sdk" */;
			productName = FirebaseFirestore;
		};
		6E4F91892E1706E100E24587 /* FirebaseMessaging */ = {
			isa = XCSwiftPackageProductDependency;
			package = 6E4F917D2E17040100E24587 /* XCRemoteSwiftPackageReference "firebase-ios-sdk" */;
			productName = FirebaseMessaging;
		};
		6E4F918B2E1706E100E24587 /* FirebaseStorage */ = {
			isa = XCSwiftPackageProductDependency;
			package = 6E4F917D2E17040100E24587 /* XCRemoteSwiftPackageReference "firebase-ios-sdk" */;
			productName = FirebaseStorage;
		};
/* End XCSwiftPackageProductDependency section */
	};
	rootObject = 6E4F91482E1700EE00E24587 /* Project object */;
}
